
Microsoft Visual Studio Solution File, Format Version 12.00
# Visual Studio Version 17
VisualStudioVersion = 17.0.32014.148
MinimumVisualStudioVersion = 10.0.40219.1
Project("{9A19103F-16F7-4668-BE54-9A1E7A4F7556}") = "OnlineVotingSystem.Web", "OnlineVotingSystem.Web\OnlineVotingSystem.Web.csproj", "{30C82B03-8BDB-4424-8C5E-83360417720F}"
EndProject
Project("{FAE04EC0-301F-11D3-BF4B-00C04F79EFBC}") = "OnlineVotingSystem.Membership", "OnlineVotingSystem.Membership\OnlineVotingSystem.Membership.csproj", "{6C9D3105-A7F5-4743-B4B8-5E22B2587E02}"
EndProject
Global
	GlobalSection(SolutionConfigurationPlatforms) = preSolution
		Debug|Any CPU = Debug|Any CPU
		Release|Any CPU = Release|Any CPU
	EndGlobalSection
	GlobalSection(ProjectConfigurationPlatforms) = postSolution
		{30C82B03-8BDB-4424-8C5E-83360417720F}.Debug|Any CPU.ActiveCfg = Debug|Any CPU
		{30C82B03-8BDB-4424-8C5E-83360417720F}.Debug|Any CPU.Build.0 = Debug|Any CPU
		{30C82B03-8BDB-4424-8C5E-83360417720F}.Release|Any CPU.ActiveCfg = Release|Any CPU
		{30C82B03-8BDB-4424-8C5E-83360417720F}.Release|Any CPU.Build.0 = Release|Any CPU
		{6C9D3105-A7F5-4743-B4B8-5E22B2587E02}.Debug|Any CPU.ActiveCfg = Debug|Any CPU
		{6C9D3105-A7F5-4743-B4B8-5E22B2587E02}.Debug|Any CPU.Build.0 = Debug|Any CPU
		{6C9D3105-A7F5-4743-B4B8-5E22B2587E02}.Release|Any CPU.ActiveCfg = Release|Any CPU
		{6C9D3105-A7F5-4743-B4B8-5E22B2587E02}.Release|Any CPU.Build.0 = Release|Any CPU
	EndGlobalSection
	GlobalSection(SolutionProperties) = preSolution
		HideSolutionNode = FALSE
	EndGlobalSection
	GlobalSection(ExtensibilityGlobals) = postSolution
		SolutionGuid = {FA7C46E0-2D45-4157-841A-1D33C3C7126A}
	EndGlobalSection
EndGlobal
